
Microsoft Visual Studio Solution File, Format Version 12.00
# Visual Studio 15
VisualStudioVersion = 15.0.27004.2008
MinimumVisualStudioVersion = 10.0.40219.1
Project("{8BC9CEB8-8B4A-11D0-8D11-00A0C91BC942}") = "TopDown2DEngine", "TopDown2DEngine\TopDown2DEngine.vcxproj", "{E2784777-CAF1-420D-A4F0-002C36253CF3}"
EndProject
Project("{54435603-DBB4-11D2-8724-00A0C9A8B90C}") = "Setup2DDungeon", "Setup2DDungeon\Setup2DDungeon.vdproj", "{D7898D68-D38D-4830-9438-DF24ABD26CD0}"
EndProject
Global
	GlobalSection(SolutionConfigurationPlatforms) = preSolution
		Debug|x64 = Debug|x64
		Debug|x86 = Debug|x86
		Release|x64 = Release|x64
		Release|x86 = Release|x86
	EndGlobalSection
	GlobalSection(ProjectConfigurationPlatforms) = postSolution
		{E2784777-CAF1-420D-A4F0-002C36253CF3}.Debug|x64.ActiveCfg = Debug|x64
		{E2784777-CAF1-420D-A4F0-002C36253CF3}.Debug|x64.Build.0 = Debug|x64
		{E2784777-CAF1-420D-A4F0-002C36253CF3}.Debug|x86.ActiveCfg = Release|Win32
		{E2784777-CAF1-420D-A4F0-002C36253CF3}.Debug|x86.Build.0 = Release|Win32
		{E2784777-CAF1-420D-A4F0-002C36253CF3}.Release|x64.ActiveCfg = Release|x64
		{E2784777-CAF1-420D-A4F0-002C36253CF3}.Release|x64.Build.0 = Release|x64
		{E2784777-CAF1-420D-A4F0-002C36253CF3}.Release|x86.ActiveCfg = Release|Win32
		{E2784777-CAF1-420D-A4F0-002C36253CF3}.Release|x86.Build.0 = Release|Win32
		{D7898D68-D38D-4830-9438-DF24ABD26CD0}.Debug|x64.ActiveCfg = Debug
		{D7898D68-D38D-4830-9438-DF24ABD26CD0}.Debug|x86.ActiveCfg = Release
		{D7898D68-D38D-4830-9438-DF24ABD26CD0}.Debug|x86.Build.0 = Release
		{D7898D68-D38D-4830-9438-DF24ABD26CD0}.Release|x64.ActiveCfg = Release
		{D7898D68-D38D-4830-9438-DF24ABD26CD0}.Release|x86.ActiveCfg = Release
	EndGlobalSection
	GlobalSection(SolutionProperties) = preSolution
		HideSolutionNode = FALSE
	EndGlobalSection
	GlobalSection(ExtensibilityGlobals) = postSolution
		SolutionGuid = {18D245EC-D49E-4920-A998-61EAC577D880}
	EndGlobalSection
EndGlobal
